
Microsoft Visual Studio Solution File, Format Version 12.00
# Visual Studio Version 16
VisualStudioVersion = 16.0.30804.86
MinimumVisualStudioVersion = 10.0.40219.1
Project("{FAE04EC0-301F-11D3-BF4B-00C04F79EFBC}") = "SolveGeekSeat", "SolveGeekSeat\SolveGeekSeat.csproj", "{96D2315A-60F6-427E-99DC-9C212EE32751}"
EndProject
Global
	GlobalSection(SolutionConfigurationPlatforms) = preSolution
		Debug|Any CPU = Debug|Any CPU
		Release|Any CPU = Release|Any CPU
	EndGlobalSection
	GlobalSection(ProjectConfigurationPlatforms) = postSolution
		{96D2315A-60F6-427E-99DC-9C212EE32751}.Debug|Any CPU.ActiveCfg = Debug|Any CPU
		{96D2315A-60F6-427E-99DC-9C212EE32751}.Debug|Any CPU.Build.0 = Debug|Any CPU
		{96D2315A-60F6-427E-99DC-9C212EE32751}.Release|Any CPU.ActiveCfg = Release|Any CPU
		{96D2315A-60F6-427E-99DC-9C212EE32751}.Release|Any CPU.Build.0 = Release|Any CPU
	EndGlobalSection
	GlobalSection(SolutionProperties) = preSolution
		HideSolutionNode = FALSE
	EndGlobalSection
	GlobalSection(ExtensibilityGlobals) = postSolution
		SolutionGuid = {908A2A65-8CD3-4650-A0BE-40A28B4D44B9}
	EndGlobalSection
EndGlobal
